
Microsoft Visual Studio Solution File, Format Version 12.00
# Visual Studio Version 17
VisualStudioVersion = 17.5.002.0
MinimumVisualStudioVersion = 10.0.40219.1
Project("{9A19103F-16F7-4668-BE54-9A1E7A4F7556}") = "filbehandling-JSONSerializer-oppgave", "filbehandling-JSONSerializer-oppgave.csproj", "{EC3A294A-6647-485A-82B3-F630DCFC2C38}"
EndProject
Global
	GlobalSection(SolutionConfigurationPlatforms) = preSolution
		Debug|Any CPU = Debug|Any CPU
		Release|Any CPU = Release|Any CPU
	EndGlobalSection
	GlobalSection(ProjectConfigurationPlatforms) = postSolution
		{EC3A294A-6647-485A-82B3-F630DCFC2C38}.Debug|Any CPU.ActiveCfg = Debug|Any CPU
		{EC3A294A-6647-485A-82B3-F630DCFC2C38}.Debug|Any CPU.Build.0 = Debug|Any CPU
		{EC3A294A-6647-485A-82B3-F630DCFC2C38}.Release|Any CPU.ActiveCfg = Release|Any CPU
		{EC3A294A-6647-485A-82B3-F630DCFC2C38}.Release|Any CPU.Build.0 = Release|Any CPU
	EndGlobalSection
	GlobalSection(SolutionProperties) = preSolution
		HideSolutionNode = FALSE
	EndGlobalSection
	GlobalSection(ExtensibilityGlobals) = postSolution
		SolutionGuid = {5002998F-40C9-4C21-9E14-45AE27CF074E}
	EndGlobalSection
EndGlobal
